{
  "version": 4,
  "terraform_version": "0.12.10",
  "serial": 81,
  "lineage": "2c708b53-1148-5b03-e1b0-9da77dd2a4da",
  "outputs": {},
  "resources": [
    {
      "mode": "data",
      "type": "aws_route53_zone",
      "name": "primary",
      "provider": "provider.aws",
      "instances": [
        {
          "schema_version": 0,
          "attributes": {
            "caller_reference": "RISWorkflow-RD:9d19c0ab-721f-457b-93a7-342f2ff81c1f",
            "comment": "HostedZone created by Route53 Registrar",
            "id": "Z18HD28ZDPLVDE",
            "linked_service_description": null,
            "linked_service_principal": null,
            "name": "shanesfactorioserver.com.",
            "name_servers": [
              "ns-1894.awsdns-44.co.uk",
              "ns-1444.awsdns-52.org",
              "ns-20.awsdns-02.com",
              "ns-983.awsdns-58.net"
            ],
            "private_zone": false,
            "resource_record_set_count": 2,
            "tags": null,
            "vpc_id": null,
            "zone_id": "Z18HD28ZDPLVDE"
          }
        }
      ]
    },
    {
      "mode": "managed",
      "type": "aws_instance",
      "name": "factorio_server",
      "provider": "provider.aws",
      "instances": [
        {
          "schema_version": 1,
          "attributes": {
            "ami": "ami-09d069a04349dc3cb",
            "arn": "arn:aws:ec2:us-east-1:061753407487:instance/i-07d49ff132b1b0415",
            "associate_public_ip_address": true,
            "availability_zone": "us-east-1c",
            "cpu_core_count": 1,
            "cpu_threads_per_core": 2,
            "credit_specification": [
              {
                "cpu_credits": "unlimited"
              }
            ],
            "disable_api_termination": false,
            "ebs_block_device": [],
            "ebs_optimized": false,
            "ephemeral_block_device": [],
            "get_password_data": false,
            "host_id": null,
            "iam_instance_profile": "",
            "id": "i-07d49ff132b1b0415",
            "instance_initiated_shutdown_behavior": null,
            "instance_state": "running",
            "instance_type": "t3.medium",
            "ipv6_address_count": 0,
            "ipv6_addresses": [],
            "key_name": "factorioServer",
            "monitoring": false,
            "network_interface": [],
            "network_interface_id": null,
            "password_data": "",
            "placement_group": "",
            "primary_network_interface_id": "eni-06376d13e54e53baa",
            "private_dns": "ip-172-31-90-11.ec2.internal",
            "private_ip": "172.31.90.11",
            "public_dns": "ec2-35-175-143-211.compute-1.amazonaws.com",
            "public_ip": "35.175.143.211",
            "root_block_device": [
              {
                "delete_on_termination": true,
                "encrypted": false,
                "iops": 100,
                "kms_key_id": "",
                "volume_id": "vol-0e83d469ef572b096",
                "volume_size": 8,
                "volume_type": "gp2"
              }
            ],
            "security_groups": [
              "factorio_security_group"
            ],
            "source_dest_check": true,
            "subnet_id": "subnet-d2107dfc",
            "tags": {},
            "tenancy": "default",
            "timeouts": null,
            "user_data": "04e0a04a3377eb2110ff6be10ff33b87e3005aad",
            "user_data_base64": null,
            "volume_tags": {},
            "vpc_security_group_ids": [
              "sg-0b550f95f2e292deb"
            ]
          },
          "private": "eyJlMmJmYjczMC1lY2FhLTExZTYtOGY4OC0zNDM2M2JjN2M0YzAiOnsiY3JlYXRlIjo2MDAwMDAwMDAwMDAsImRlbGV0ZSI6MTIwMDAwMDAwMDAwMCwidXBkYXRlIjo2MDAwMDAwMDAwMDB9LCJzY2hlbWFfdmVyc2lvbiI6IjEifQ==",
          "depends_on": [
            "aws_security_group.factorio_security_group"
          ]
        }
      ]
    },
    {
      "mode": "managed",
      "type": "aws_route53_record",
      "name": "www",
      "provider": "provider.aws",
      "instances": [
        {
          "schema_version": 2,
          "attributes": {
            "alias": [],
            "allow_overwrite": null,
            "failover_routing_policy": [],
            "fqdn": "www.shanesfactorioserver.com",
            "geolocation_routing_policy": [],
            "health_check_id": null,
            "id": "Z18HD28ZDPLVDE_www.shanesfactorioserver.com_A",
            "latency_routing_policy": [],
            "multivalue_answer_routing_policy": null,
            "name": "www.shanesfactorioserver.com",
            "records": [
              "35.175.143.211"
            ],
            "set_identifier": null,
            "ttl": 300,
            "type": "A",
            "weighted_routing_policy": [],
            "zone_id": "Z18HD28ZDPLVDE"
          },
          "private": "eyJzY2hlbWFfdmVyc2lvbiI6IjIifQ==",
          "depends_on": [
            "aws_instance.factorio_server",
            "data.aws_route53_zone.primary"
          ]
        }
      ]
    },
    {
      "mode": "managed",
      "type": "aws_security_group",
      "name": "factorio_security_group",
      "provider": "provider.aws",
      "instances": [
        {
          "schema_version": 1,
          "attributes": {
            "arn": "arn:aws:ec2:us-east-1:061753407487:security-group/sg-0b550f95f2e292deb",
            "description": "Used to grant SSH and Factorio client to connect",
            "egress": [
              {
                "cidr_blocks": [
                  "0.0.0.0/0"
                ],
                "description": "",
                "from_port": 0,
                "ipv6_cidr_blocks": [],
                "prefix_list_ids": [],
                "protocol": "-1",
                "security_groups": [],
                "self": false,
                "to_port": 0
              }
            ],
            "id": "sg-0b550f95f2e292deb",
            "ingress": [
              {
                "cidr_blocks": [
                  "0.0.0.0/0"
                ],
                "description": "",
                "from_port": 0,
                "ipv6_cidr_blocks": [],
                "prefix_list_ids": [],
                "protocol": "-1",
                "security_groups": [],
                "self": false,
                "to_port": 0
              }
            ],
            "name": "factorio_security_group",
            "name_prefix": null,
            "owner_id": "061753407487",
            "revoke_rules_on_delete": false,
            "tags": {},
            "timeouts": null,
            "vpc_id": "vpc-4623903c"
          },
          "private": "eyJlMmJmYjczMC1lY2FhLTExZTYtOGY4OC0zNDM2M2JjN2M0YzAiOnsiY3JlYXRlIjo2MDAwMDAwMDAwMDAsImRlbGV0ZSI6NjAwMDAwMDAwMDAwfSwic2NoZW1hX3ZlcnNpb24iOiIxIn0="
        }
      ]
    }
  ]
}
